Microsoft Visual Studio Solution File, Format Version 12.00
# Visual Studio Version 17
VisualStudioVersion = 17.5.2.0
MinimumVisualStudioVersion = 10.0.40219.1
Project("{2150E333-8FDC-42A3-9474-1A3956D46DE8}") = "samp-app-dotnet8", "samp-app-dotnet8", "{8DC92DA5-790E-AFF5-C260-91D1F9E5E071}"
EndProject
Project("{2150E333-8FDC-42A3-9474-1A3956D46DE8}") = "aws-cdk", "aws-cdk", "{E79371DD-EE25-49B3-9600-DC95B1F60503}"
EndProject
Project("{2150E333-8FDC-42A3-9474-1A3956D46DE8}") = "src", "src", "{59DDFE09-1312-EDCF-B3FF-8315D48B3011}"
EndProject
Project("{FAE04EC0-301F-11D3-BF4B-00C04F79EFBC}") = "HelloWorld", "samp-app-dotnet8\src\HelloWorld\HelloWorld.csproj", "{1E68D8A6-3997-A5F0-02B3-BA21898F8A3A}"
EndProject
Project("{2150E333-8FDC-42A3-9474-1A3956D46DE8}") = "test", "test", "{03EF09BA-5FE0-5122-FFEB-644DA80BD65E}"
EndProject
Project("{FAE04EC0-301F-11D3-BF4B-00C04F79EFBC}") = "HelloWorld.Tests", "samp-app-dotnet8\test\HelloWorld.Test\HelloWorld.Tests.csproj", "{6D890684-45C9-F23B-C7FA-75F9D621B047}"
EndProject
Project("{2150E333-8FDC-42A3-9474-1A3956D46DE8}") = "simple-ts-app", "simple-ts-app", "{E8C6F7BF-423D-C51B-28F0-95DA25ED1FEE}"
EndProject
Project("{2150E333-8FDC-42A3-9474-1A3956D46DE8}") = "node_modules", "node_modules", "{1790B24E-D755-6693-729F-4403BD0EEC71}"
EndProject
Project("{2150E333-8FDC-42A3-9474-1A3956D46DE8}") = "aws-cdk", "aws-cdk", "{13E7015C-54A6-A4BA-087F-2AA8336300DA}"
EndProject
Project("{2150E333-8FDC-42A3-9474-1A3956D46DE8}") = "lib", "lib", "{9BBCA81F-B408-23D8-23CB-CEBF8EEFDD54}"
EndProject
Project("{2150E333-8FDC-42A3-9474-1A3956D46DE8}") = "init-templates", "init-templates", "{530E1E30-56F7-30AA-9ED4-F27F5EBB722F}"
EndProject
Project("{2150E333-8FDC-42A3-9474-1A3956D46DE8}") = "app", "app", "{3833D3D7-7F3B-7160-17E4-39EBCBFD9C63}"
EndProject
Project("{2150E333-8FDC-42A3-9474-1A3956D46DE8}") = "csharp", "csharp", "{DF1F1D56-8D7A-3D3E-51DB-06421EFA5BAE}"
EndProject
Project("{2150E333-8FDC-42A3-9474-1A3956D46DE8}") = "src", "src", "{1A39ED07-EB14-DA18-60C5-0F10A56288F7}"
EndProject
Project("{FAE04EC0-301F-11D3-BF4B-00C04F79EFBC}") = "%name.PascalCased%.template", "aws-cdk\simple-ts-app\node_modules\aws-cdk\lib\init-templates\app\csharp\src\%name.PascalCased%\%name.PascalCased%.template.csproj", "{875B13D9-E060-3B15-9A2A-1B52046C21E6}"
EndProject
Project("{2150E333-8FDC-42A3-9474-1A3956D46DE8}") = "sample-app", "sample-app", "{18EB20BC-FAA3-56AA-4723-309D2982E247}"
EndProject
Project("{2150E333-8FDC-42A3-9474-1A3956D46DE8}") = "csharp", "csharp", "{49F9C196-2603-C54D-9CFF-53EB7E730E35}"
EndProject
Project("{2150E333-8FDC-42A3-9474-1A3956D46DE8}") = "src", "src", "{F7595240-E6A7-976E-68DF-07F9733A265D}"
EndProject
Project("{FAE04EC0-301F-11D3-BF4B-00C04F79EFBC}") = "%name.PascalCased%.template", "aws-cdk\simple-ts-app\node_modules\aws-cdk\lib\init-templates\sample-app\csharp\src\%name.PascalCased%\%name.PascalCased%.template.csproj", "{F829B84B-E1DE-F87E-81BD-7BFC63F91979}"
EndProject
Global
	GlobalSection(SolutionConfigurationPlatforms) = preSolution
		Debug|Any CPU = Debug|Any CPU
		Release|Any CPU = Release|Any CPU
	EndGlobalSection
	GlobalSection(ProjectConfigurationPlatforms) = postSolution
		{1E68D8A6-3997-A5F0-02B3-BA21898F8A3A}.Debug|Any CPU.ActiveCfg = Debug|Any CPU
		{1E68D8A6-3997-A5F0-02B3-BA21898F8A3A}.Debug|Any CPU.Build.0 = Debug|Any CPU
		{1E68D8A6-3997-A5F0-02B3-BA21898F8A3A}.Release|Any CPU.ActiveCfg = Release|Any CPU
		{1E68D8A6-3997-A5F0-02B3-BA21898F8A3A}.Release|Any CPU.Build.0 = Release|Any CPU
		{6D890684-45C9-F23B-C7FA-75F9D621B047}.Debug|Any CPU.ActiveCfg = Debug|Any CPU
		{6D890684-45C9-F23B-C7FA-75F9D621B047}.Debug|Any CPU.Build.0 = Debug|Any CPU
		{6D890684-45C9-F23B-C7FA-75F9D621B047}.Release|Any CPU.ActiveCfg = Release|Any CPU
		{6D890684-45C9-F23B-C7FA-75F9D621B047}.Release|Any CPU.Build.0 = Release|Any CPU
		{875B13D9-E060-3B15-9A2A-1B52046C21E6}.Debug|Any CPU.ActiveCfg = Debug|Any CPU
		{875B13D9-E060-3B15-9A2A-1B52046C21E6}.Debug|Any CPU.Build.0 = Debug|Any CPU
		{875B13D9-E060-3B15-9A2A-1B52046C21E6}.Release|Any CPU.ActiveCfg = Release|Any CPU
		{875B13D9-E060-3B15-9A2A-1B52046C21E6}.Release|Any CPU.Build.0 = Release|Any CPU
		{F829B84B-E1DE-F87E-81BD-7BFC63F91979}.Debug|Any CPU.ActiveCfg = Debug|Any CPU
		{F829B84B-E1DE-F87E-81BD-7BFC63F91979}.Debug|Any CPU.Build.0 = Debug|Any CPU
		{F829B84B-E1DE-F87E-81BD-7BFC63F91979}.Release|Any CPU.ActiveCfg = Release|Any CPU
		{F829B84B-E1DE-F87E-81BD-7BFC63F91979}.Release|Any CPU.Build.0 = Release|Any CPU
	EndGlobalSection
	GlobalSection(SolutionProperties) = preSolution
		HideSolutionNode = FALSE
	EndGlobalSection
	GlobalSection(NestedProjects) = preSolution
		{59DDFE09-1312-EDCF-B3FF-8315D48B3011} = {8DC92DA5-790E-AFF5-C260-91D1F9E5E071}
		{1E68D8A6-3997-A5F0-02B3-BA21898F8A3A} = {59DDFE09-1312-EDCF-B3FF-8315D48B3011}
		{03EF09BA-5FE0-5122-FFEB-644DA80BD65E} = {8DC92DA5-790E-AFF5-C260-91D1F9E5E071}
		{6D890684-45C9-F23B-C7FA-75F9D621B047} = {03EF09BA-5FE0-5122-FFEB-644DA80BD65E}
		{E8C6F7BF-423D-C51B-28F0-95DA25ED1FEE} = {E79371DD-EE25-49B3-9600-DC95B1F60503}
		{1790B24E-D755-6693-729F-4403BD0EEC71} = {E8C6F7BF-423D-C51B-28F0-95DA25ED1FEE}
		{13E7015C-54A6-A4BA-087F-2AA8336300DA} = {1790B24E-D755-6693-729F-4403BD0EEC71}
		{9BBCA81F-B408-23D8-23CB-CEBF8EEFDD54} = {13E7015C-54A6-A4BA-087F-2AA8336300DA}
		{530E1E30-56F7-30AA-9ED4-F27F5EBB722F} = {9BBCA81F-B408-23D8-23CB-CEBF8EEFDD54}
		{3833D3D7-7F3B-7160-17E4-39EBCBFD9C63} = {530E1E30-56F7-30AA-9ED4-F27F5EBB722F}
		{DF1F1D56-8D7A-3D3E-51DB-06421EFA5BAE} = {3833D3D7-7F3B-7160-17E4-39EBCBFD9C63}
		{1A39ED07-EB14-DA18-60C5-0F10A56288F7} = {DF1F1D56-8D7A-3D3E-51DB-06421EFA5BAE}
		{875B13D9-E060-3B15-9A2A-1B52046C21E6} = {1A39ED07-EB14-DA18-60C5-0F10A56288F7}
		{18EB20BC-FAA3-56AA-4723-309D2982E247} = {530E1E30-56F7-30AA-9ED4-F27F5EBB722F}
		{49F9C196-2603-C54D-9CFF-53EB7E730E35} = {18EB20BC-FAA3-56AA-4723-309D2982E247}
		{F7595240-E6A7-976E-68DF-07F9733A265D} = {49F9C196-2603-C54D-9CFF-53EB7E730E35}
		{F829B84B-E1DE-F87E-81BD-7BFC63F91979} = {F7595240-E6A7-976E-68DF-07F9733A265D}
	EndGlobalSection
	GlobalSection(ExtensibilityGlobals) = postSolution
		SolutionGuid = {4696CBFC-9FB7-454C-AD57-9490ACD2361C}
	EndGlobalSection
EndGlobal
